
Microsoft Visual Studio Solution File, Format Version 12.00
# Visual Studio Version 17
VisualStudioVersion = 17.13.35931.197 d17.13
MinimumVisualStudioVersion = 10.0.40219.1
Project("{FAE04EC0-301F-11D3-BF4B-00C04F79EFBC}") = "Schill_20250922_WorkTogether", "Schill_20250922_WorkTogether.csproj", "{B633601E-4DF9-4529-B6DC-668B2A25F5DA}"
EndProject
Global
	GlobalSection(SolutionConfigurationPlatforms) = preSolution
		Debug|Any CPU = Debug|Any CPU
		Release|Any CPU = Release|Any CPU
	EndGlobalSection
	GlobalSection(ProjectConfigurationPlatforms) = postSolution
		{B633601E-4DF9-4529-B6DC-668B2A25F5DA}.Debug|Any CPU.ActiveCfg = Debug|Any CPU
		{B633601E-4DF9-4529-B6DC-668B2A25F5DA}.Debug|Any CPU.Build.0 = Debug|Any CPU
		{B633601E-4DF9-4529-B6DC-668B2A25F5DA}.Release|Any CPU.ActiveCfg = Release|Any CPU
		{B633601E-4DF9-4529-B6DC-668B2A25F5DA}.Release|Any CPU.Build.0 = Release|Any CPU
	EndGlobalSection
	GlobalSection(SolutionProperties) = preSolution
		HideSolutionNode = FALSE
	EndGlobalSection
	GlobalSection(ExtensibilityGlobals) = postSolution
		SolutionGuid = {F2EEE9F6-E07A-4E53-B9C9-5F9D6D300EDD}
	EndGlobalSection
EndGlobal
